// !$*UTF8*$!
{
	archiveVersion = 1;
	classes = {
	};
	objectVersion = 55;
	objects = {

/* Begin PBXBuildFile section */
		1028D9542805F1FB0083F0B1 /* LoginViewModel.swift in Sources */ = {isa = PBXBuildFile; fileRef = 1028D9532805F1FB0083F0B1 /* LoginViewModel.swift */; };
		1028D9562805F2070083F0B1 /* LoginCoordinator.swift in Sources */ = {isa = PBXBuildFile; fileRef = 1028D9552805F2070083F0B1 /* LoginCoordinator.swift */; };
		1028D9582805F2640083F0B1 /* LoginAssembly.swift in Sources */ = {isa = PBXBuildFile; fileRef = 1028D9572805F2640083F0B1 /* LoginAssembly.swift */; };
		1028D95D2805F4CA0083F0B1 /* LoginView.swift in Sources */ = {isa = PBXBuildFile; fileRef = 1028D95C2805F4CA0083F0B1 /* LoginView.swift */; };
		1028D95F2805F91C0083F0B1 /* APIKeys.plist in Resources */ = {isa = PBXBuildFile; fileRef = 1028D95E2805F91C0083F0B1 /* APIKeys.plist */; };
		1028D96328064B580083F0B1 /* Resolver+Assembler.swift in Sources */ = {isa = PBXBuildFile; fileRef = 1028D96228064B580083F0B1 /* Resolver+Assembler.swift */; };
		102A223327EC9B9000BC0B69 /* Theme.swift in Sources */ = {isa = PBXBuildFile; fileRef = 102A223227EC9B9000BC0B69 /* Theme.swift */; };
		102A223527EC9B9B00BC0B69 /* Colors.swift in Sources */ = {isa = PBXBuildFile; fileRef = 102A223427EC9B9B00BC0B69 /* Colors.swift */; };
		1064DC0528074F3000B63E2F /* DefaultUserSession.swift in Sources */ = {isa = PBXBuildFile; fileRef = 1064DC0428074F3000B63E2F /* DefaultUserSession.swift */; };
		1064DC0728074F7F00B63E2F /* NetworkAssembly.swift in Sources */ = {isa = PBXBuildFile; fileRef = 1064DC0628074F7F00B63E2F /* NetworkAssembly.swift */; };
		10816F9C27F4D569001821D3 /* HomepageView.swift in Sources */ = {isa = PBXBuildFile; fileRef = 10816F9B27F4D569001821D3 /* HomepageView.swift */; };
		108B94A927FF125F009EF6F2 /* DefaultMovieSession.swift in Sources */ = {isa = PBXBuildFile; fileRef = 108B94A827FF125F009EF6F2 /* DefaultMovieSession.swift */; };
		109F88F1280DEC49005FEA91 /* GoogleService-Info.plist in Resources */ = {isa = PBXBuildFile; fileRef = 109F88F0280DEC49005FEA91 /* GoogleService-Info.plist */; };
		10A214BA27EBCDCB00E135EC /* StackView.swift in Sources */ = {isa = PBXBuildFile; fileRef = 10A214B927EBCDCB00E135EC /* StackView.swift */; };
		10BABA6727F4DA06007DDC10 /* MovieItem.swift in Sources */ = {isa = PBXBuildFile; fileRef = 10BABA6627F4DA05007DDC10 /* MovieItem.swift */; };
		10C8B4E427FF4C9700B0DA28 /* HTTPSession.swift in Sources */ = {isa = PBXBuildFile; fileRef = 10C8B4E327FF4C9700B0DA28 /* HTTPSession.swift */; };
		10C8B4E627FF4CA400B0DA28 /* DefaultHTTPSession.swift in Sources */ = {isa = PBXBuildFile; fileRef = 10C8B4E527FF4CA400B0DA28 /* DefaultHTTPSession.swift */; };
		10C8B4E927FF60B600B0DA28 /* HTTPResponseMapper.swift in Sources */ = {isa = PBXBuildFile; fileRef = 10C8B4E827FF60B600B0DA28 /* HTTPResponseMapper.swift */; };
		10C8B4EC27FF67D000B0DA28 /* HTTPRequest.swift in Sources */ = {isa = PBXBuildFile; fileRef = 10C8B4EB27FF67D000B0DA28 /* HTTPRequest.swift */; };
		10C8B4EF27FF69CA00B0DA28 /* HTTPError.swift in Sources */ = {isa = PBXBuildFile; fileRef = 10C8B4EE27FF69CA00B0DA28 /* HTTPError.swift */; };
		10C8B4F72801AAB800B0DA28 /* AuthTokenStorage.swift in Sources */ = {isa = PBXBuildFile; fileRef = 10C8B4F62801AAB800B0DA28 /* AuthTokenStorage.swift */; };
		10C8B4F92801AAF400B0DA28 /* AuthToken.swift in Sources */ = {isa = PBXBuildFile; fileRef = 10C8B4F82801AAF400B0DA28 /* AuthToken.swift */; };
		10C8B4FC2801AC6E00B0DA28 /* DeviceRegistrationStatus.swift in Sources */ = {isa = PBXBuildFile; fileRef = 10C8B4FB2801AC6E00B0DA28 /* DeviceRegistrationStatus.swift */; };
		10E247EE27EB5722008D3887 /* Coordinator.swift in Sources */ = {isa = PBXBuildFile; fileRef = 10E247ED27EB5722008D3887 /* Coordinator.swift */; };
		10E247F027EB58B1008D3887 /* MainCoordinator.swift in Sources */ = {isa = PBXBuildFile; fileRef = 10E247EF27EB58B1008D3887 /* MainCoordinator.swift */; };
		10E247F627EB5F6C008D3887 /* LoginViewController.swift in Sources */ = {isa = PBXBuildFile; fileRef = 10E247F527EB5F6C008D3887 /* LoginViewController.swift */; };
		10E247F927EB60F8008D3887 /* UIView.swift in Sources */ = {isa = PBXBuildFile; fileRef = 10E247F827EB60F8008D3887 /* UIView.swift */; };
		10E247FB27EB6193008D3887 /* UIButton.swift in Sources */ = {isa = PBXBuildFile; fileRef = 10E247FA27EB6193008D3887 /* UIButton.swift */; };
		10FBC73427FB418800F6F205 /* Store.swift in Sources */ = {isa = PBXBuildFile; fileRef = 10FBC73327FB418800F6F205 /* Store.swift */; };
		10FBC73627FB489300F6F205 /* ErasedObservableObject.swift in Sources */ = {isa = PBXBuildFile; fileRef = 10FBC73527FB489300F6F205 /* ErasedObservableObject.swift */; };
		10FBC73B27FB883C00F6F205 /* Dependency Provider.swift in Sources */ = {isa = PBXBuildFile; fileRef = 10FBC73A27FB883C00F6F205 /* Dependency Provider.swift */; };
		972D51E0732E92ECF3A4CD6F /* Pods_MovieDatabasetVOSTests.framework in Frameworks */ = {isa = PBXBuildFile; fileRef = 31696F88C5083A33B3B08600 /* Pods_MovieDatabasetVOSTests.framework */; };
		A3FE5CB880B223033925C7AA /* Pods_MovieDatabasetVOS.framework in Frameworks */ = {isa = PBXBuildFile; fileRef = A77ADFE5226354DBC12213DE /* Pods_MovieDatabasetVOS.framework */; };
		AB16951E280E343C000CAECC /* MovieAssembly.swift in Sources */ = {isa = PBXBuildFile; fileRef = AB16951D280E343C000CAECC /* MovieAssembly.swift */; };
		AB169520280E3449000CAECC /* MovieCoordinator.swift in Sources */ = {isa = PBXBuildFile; fileRef = AB16951F280E3449000CAECC /* MovieCoordinator.swift */; };
		AB169522280E3452000CAECC /* MovieViewController.swift in Sources */ = {isa = PBXBuildFile; fileRef = AB169521280E3452000CAECC /* MovieViewController.swift */; };
		AB169524280E3483000CAECC /* MovieViewModel.swift in Sources */ = {isa = PBXBuildFile; fileRef = AB169523280E3483000CAECC /* MovieViewModel.swift */; };
		AB169526280E34A5000CAECC /* MovieView.swift in Sources */ = {isa = PBXBuildFile; fileRef = AB169525280E34A5000CAECC /* MovieView.swift */; };
		AB169528280E4362000CAECC /* MovieSession.swift in Sources */ = {isa = PBXBuildFile; fileRef = AB169527280E4362000CAECC /* MovieSession.swift */; };
		AB16952B280EE9EF000CAECC /* HTTPRequestBuilder.swift in Sources */ = {isa = PBXBuildFile; fileRef = AB16952A280EE9EF000CAECC /* HTTPRequestBuilder.swift */; };
		AB3A7F0127EB519B00E58101 /* AppDelegate.swift in Sources */ = {isa = PBXBuildFile; fileRef = AB3A7F0027EB519B00E58101 /* AppDelegate.swift */; };
		AB3A7F0327EB519B00E58101 /* ViewController.swift in Sources */ = {isa = PBXBuildFile; fileRef = AB3A7F0227EB519B00E58101 /* ViewController.swift */; };
		AB3A7F0627EB519B00E58101 /* Main.storyboard in Resources */ = {isa = PBXBuildFile; fileRef = AB3A7F0427EB519B00E58101 /* Main.storyboard */; };
		AB3A7F0827EB519C00E58101 /* Assets.xcassets in Resources */ = {isa = PBXBuildFile; fileRef = AB3A7F0727EB519C00E58101 /* Assets.xcassets */; };
		AB3A7F0B27EB519C00E58101 /* LaunchScreen.storyboard in Resources */ = {isa = PBXBuildFile; fileRef = AB3A7F0927EB519C00E58101 /* LaunchScreen.storyboard */; };
		AB3A7F1527EB519C00E58101 /* MovieDatabasetVOSTests.swift in Sources */ = {isa = PBXBuildFile; fileRef = AB3A7F1427EB519C00E58101 /* MovieDatabasetVOSTests.swift */; };
		AB3A7F1F27EB519C00E58101 /* MovieDatabasetVOSUITests.swift in Sources */ = {isa = PBXBuildFile; fileRef = AB3A7F1E27EB519C00E58101 /* MovieDatabasetVOSUITests.swift */; };
		AB3A7F2127EB519C00E58101 /* MovieDatabasetVOSUITestsLaunchTests.swift in Sources */ = {isa = PBXBuildFile; fileRef = AB3A7F2027EB519C00E58101 /* MovieDatabasetVOSUITestsLaunchTests.swift */; };
		ABE2E37827FB61C900AA75A4 /* AnyObservableObject.swift in Sources */ = {isa = PBXBuildFile; fileRef = ABE2E37727FB61C900AA75A4 /* AnyObservableObject.swift */; };
		ABE2E37B27FB75C900AA75A4 /* UserSession.swift in Sources */ = {isa = PBXBuildFile; fileRef = ABE2E37A27FB75C900AA75A4 /* UserSession.swift */; };
		ABE2E37F27FB766A00AA75A4 /* Movie.swift in Sources */ = {isa = PBXBuildFile; fileRef = ABE2E37E27FB766A00AA75A4 /* Movie.swift */; };
		ABE2E38227FB784400AA75A4 /* UserDefaultsBacked.swift in Sources */ = {isa = PBXBuildFile; fileRef = ABE2E38127FB784400AA75A4 /* UserDefaultsBacked.swift */; };
		ABE2E38527FB7AC200AA75A4 /* ViewModel.swift in Sources */ = {isa = PBXBuildFile; fileRef = ABE2E38427FB7AC200AA75A4 /* ViewModel.swift */; };
		F14FE9CB74E2BA18E0374B21 /* Pods_MovieDatabasetVOS_MovieDatabasetVOSUITests.framework in Frameworks */ = {isa = PBXBuildFile; fileRef = F9CE20962892A475057CB1B6 /* Pods_MovieDatabasetVOS_MovieDatabasetVOSUITests.framework */; };
/* End PBXBuildFile section */

/* Begin PBXContainerItemProxy section */
		AB3A7F1127EB519C00E58101 /* PBXContainerItemProxy */ = {
			isa = PBXContainerItemProxy;
			containerPortal = AB3A7EF527EB519B00E58101 /* Project object */;
			proxyType = 1;
			remoteGlobalIDString = AB3A7EFC27EB519B00E58101;
			remoteInfo = MovieDatabasetVOS;
		};
		AB3A7F1B27EB519C00E58101 /* PBXContainerItemProxy */ = {
			isa = PBXContainerItemProxy;
			containerPortal = AB3A7EF527EB519B00E58101 /* Project object */;
			proxyType = 1;
			remoteGlobalIDString = AB3A7EFC27EB519B00E58101;
			remoteInfo = MovieDatabasetVOS;
		};
/* End PBXContainerItemProxy section */

/* Begin PBXFileReference section */
		1028D9532805F1FB0083F0B1 /* LoginViewModel.swift */ = {isa = PBXFileReference; lastKnownFileType = sourcecode.swift; path = LoginViewModel.swift; sourceTree = "<group>"; };
		1028D9552805F2070083F0B1 /* LoginCoordinator.swift */ = {isa = PBXFileReference; lastKnownFileType = sourcecode.swift; path = LoginCoordinator.swift; sourceTree = "<group>"; };
		1028D9572805F2640083F0B1 /* LoginAssembly.swift */ = {isa = PBXFileReference; lastKnownFileType = sourcecode.swift; path = LoginAssembly.swift; sourceTree = "<group>"; };
		1028D95C2805F4CA0083F0B1 /* LoginView.swift */ = {isa = PBXFileReference; lastKnownFileType = sourcecode.swift; path = LoginView.swift; sourceTree = "<group>"; };
		1028D95E2805F91C0083F0B1 /* APIKeys.plist */ = {isa = PBXFileReference; lastKnownFileType = text.plist.xml; path = APIKeys.plist; sourceTree = "<group>"; };
		1028D96228064B580083F0B1 /* Resolver+Assembler.swift */ = {isa = PBXFileReference; lastKnownFileType = sourcecode.swift; path = "Resolver+Assembler.swift"; sourceTree = "<group>"; };
		102A223227EC9B9000BC0B69 /* Theme.swift */ = {isa = PBXFileReference; lastKnownFileType = sourcecode.swift; path = Theme.swift; sourceTree = "<group>"; };
		102A223427EC9B9B00BC0B69 /* Colors.swift */ = {isa = PBXFileReference; lastKnownFileType = sourcecode.swift; path = Colors.swift; sourceTree = "<group>"; };
		1064DC0428074F3000B63E2F /* DefaultUserSession.swift */ = {isa = PBXFileReference; lastKnownFileType = sourcecode.swift; path = DefaultUserSession.swift; sourceTree = "<group>"; };
		1064DC0628074F7F00B63E2F /* NetworkAssembly.swift */ = {isa = PBXFileReference; lastKnownFileType = sourcecode.swift; path = NetworkAssembly.swift; sourceTree = "<group>"; };
		10816F9B27F4D569001821D3 /* HomepageView.swift */ = {isa = PBXFileReference; lastKnownFileType = sourcecode.swift; path = HomepageView.swift; sourceTree = "<group>"; };
		108B94A827FF125F009EF6F2 /* DefaultMovieSession.swift */ = {isa = PBXFileReference; lastKnownFileType = sourcecode.swift; path = DefaultMovieSession.swift; sourceTree = "<group>"; };
		109F88F0280DEC49005FEA91 /* GoogleService-Info.plist */ = {isa = PBXFileReference; lastKnownFileType = text.plist; path = "GoogleService-Info.plist"; sourceTree = SOURCE_ROOT; };
		10A214B927EBCDCB00E135EC /* StackView.swift */ = {isa = PBXFileReference; lastKnownFileType = sourcecode.swift; path = StackView.swift; sourceTree = "<group>"; };
		10BABA6627F4DA05007DDC10 /* MovieItem.swift */ = {isa = PBXFileReference; lastKnownFileType = sourcecode.swift; path = MovieItem.swift; sourceTree = "<group>"; };
		10C8B4E327FF4C9700B0DA28 /* HTTPSession.swift */ = {isa = PBXFileReference; lastKnownFileType = sourcecode.swift; path = HTTPSession.swift; sourceTree = "<group>"; };
		10C8B4E527FF4CA400B0DA28 /* DefaultHTTPSession.swift */ = {isa = PBXFileReference; lastKnownFileType = sourcecode.swift; path = DefaultHTTPSession.swift; sourceTree = "<group>"; };
		10C8B4E827FF60B600B0DA28 /* HTTPResponseMapper.swift */ = {isa = PBXFileReference; lastKnownFileType = sourcecode.swift; path = HTTPResponseMapper.swift; sourceTree = "<group>"; };
		10C8B4EB27FF67D000B0DA28 /* HTTPRequest.swift */ = {isa = PBXFileReference; lastKnownFileType = sourcecode.swift; path = HTTPRequest.swift; sourceTree = "<group>"; };
		10C8B4EE27FF69CA00B0DA28 /* HTTPError.swift */ = {isa = PBXFileReference; lastKnownFileType = sourcecode.swift; path = HTTPError.swift; sourceTree = "<group>"; };
		10C8B4F62801AAB800B0DA28 /* AuthTokenStorage.swift */ = {isa = PBXFileReference; lastKnownFileType = sourcecode.swift; path = AuthTokenStorage.swift; sourceTree = "<group>"; };
		10C8B4F82801AAF400B0DA28 /* AuthToken.swift */ = {isa = PBXFileReference; lastKnownFileType = sourcecode.swift; path = AuthToken.swift; sourceTree = "<group>"; };
		10C8B4FB2801AC6E00B0DA28 /* DeviceRegistrationStatus.swift */ = {isa = PBXFileReference; lastKnownFileType = sourcecode.swift; path = DeviceRegistrationStatus.swift; sourceTree = "<group>"; };
		10E247ED27EB5722008D3887 /* Coordinator.swift */ = {isa = PBXFileReference; lastKnownFileType = sourcecode.swift; path = Coordinator.swift; sourceTree = "<group>"; };
		10E247EF27EB58B1008D3887 /* MainCoordinator.swift */ = {isa = PBXFileReference; lastKnownFileType = sourcecode.swift; path = MainCoordinator.swift; sourceTree = "<group>"; };
		10E247F527EB5F6C008D3887 /* LoginViewController.swift */ = {isa = PBXFileReference; lastKnownFileType = sourcecode.swift; path = LoginViewController.swift; sourceTree = "<group>"; };
		10E247F827EB60F8008D3887 /* UIView.swift */ = {isa = PBXFileReference; lastKnownFileType = sourcecode.swift; path = UIView.swift; sourceTree = "<group>"; };
		10E247FA27EB6193008D3887 /* UIButton.swift */ = {isa = PBXFileReference; lastKnownFileType = sourcecode.swift; path = UIButton.swift; sourceTree = "<group>"; };
		10FBC73327FB418800F6F205 /* Store.swift */ = {isa = PBXFileReference; lastKnownFileType = sourcecode.swift; path = Store.swift; sourceTree = "<group>"; };
		10FBC73527FB489300F6F205 /* ErasedObservableObject.swift */ = {isa = PBXFileReference; lastKnownFileType = sourcecode.swift; path = ErasedObservableObject.swift; sourceTree = "<group>"; };
		10FBC73A27FB883C00F6F205 /* Dependency Provider.swift */ = {isa = PBXFileReference; lastKnownFileType = sourcecode.swift; path = "Dependency Provider.swift"; sourceTree = "<group>"; };
		31696F88C5083A33B3B08600 /* Pods_MovieDatabasetVOSTests.framework */ = {isa = PBXFileReference; explicitFileType = wrapper.framework; includeInIndex = 0; path = Pods_MovieDatabasetVOSTests.framework; sourceTree = BUILT_PRODUCTS_DIR; };
		65469F0ECCA997AC4C5F6380 /* Pods-MovieDatabasetVOS-MovieDatabasetVOSUITests.release.xcconfig */ = {isa = PBXFileReference; includeInIndex = 1; lastKnownFileType = text.xcconfig; name = "Pods-MovieDatabasetVOS-MovieDatabasetVOSUITests.release.xcconfig"; path = "Target Support Files/Pods-MovieDatabasetVOS-MovieDatabasetVOSUITests/Pods-MovieDatabasetVOS-MovieDatabasetVOSUITests.release.xcconfig"; sourceTree = "<group>"; };
		A77ADFE5226354DBC12213DE /* Pods_MovieDatabasetVOS.framework */ = {isa = PBXFileReference; explicitFileType = wrapper.framework; includeInIndex = 0; path = Pods_MovieDatabasetVOS.framework; sourceTree = BUILT_PRODUCTS_DIR; };
		AB16951D280E343C000CAECC /* MovieAssembly.swift */ = {isa = PBXFileReference; lastKnownFileType = sourcecode.swift; path = MovieAssembly.swift; sourceTree = "<group>"; };
		AB16951F280E3449000CAECC /* MovieCoordinator.swift */ = {isa = PBXFileReference; lastKnownFileType = sourcecode.swift; path = MovieCoordinator.swift; sourceTree = "<group>"; };
		AB169521280E3452000CAECC /* MovieViewController.swift */ = {isa = PBXFileReference; lastKnownFileType = sourcecode.swift; path = MovieViewController.swift; sourceTree = "<group>"; };
		AB169523280E3483000CAECC /* MovieViewModel.swift */ = {isa = PBXFileReference; lastKnownFileType = sourcecode.swift; path = MovieViewModel.swift; sourceTree = "<group>"; };
		AB169525280E34A5000CAECC /* MovieView.swift */ = {isa = PBXFileReference; lastKnownFileType = sourcecode.swift; path = MovieView.swift; sourceTree = "<group>"; };
		AB169527280E4362000CAECC /* MovieSession.swift */ = {isa = PBXFileReference; lastKnownFileType = sourcecode.swift; path = MovieSession.swift; sourceTree = "<group>"; };
		AB16952A280EE9EF000CAECC /* HTTPRequestBuilder.swift */ = {isa = PBXFileReference; lastKnownFileType = sourcecode.swift; path = HTTPRequestBuilder.swift; sourceTree = "<group>"; };
		AB3A7EFD27EB519B00E58101 /* MovieDatabasetVOS.app */ = {isa = PBXFileReference; explicitFileType = wrapper.application; includeInIndex = 0; path = MovieDatabasetVOS.app; sourceTree = BUILT_PRODUCTS_DIR; };
		AB3A7F0027EB519B00E58101 /* AppDelegate.swift */ = {isa = PBXFileReference; lastKnownFileType = sourcecode.swift; path = AppDelegate.swift; sourceTree = "<group>"; };
		AB3A7F0227EB519B00E58101 /* ViewController.swift */ = {isa = PBXFileReference; lastKnownFileType = sourcecode.swift; path = ViewController.swift; sourceTree = "<group>"; };
		AB3A7F0527EB519B00E58101 /* Base */ = {isa = PBXFileReference; lastKnownFileType = file.storyboard; name = Base; path = Base.lproj/Main.storyboard; sourceTree = "<group>"; };
		AB3A7F0727EB519C00E58101 /* Assets.xcassets */ = {isa = PBXFileReference; lastKnownFileType = folder.assetcatalog; path = Assets.xcassets; sourceTree = "<group>"; };
		AB3A7F0A27EB519C00E58101 /* Base */ = {isa = PBXFileReference; lastKnownFileType = file.storyboard; name = Base; path = Base.lproj/LaunchScreen.storyboard; sourceTree = "<group>"; };
		AB3A7F1027EB519C00E58101 /* MovieDatabasetVOSTests.xctest */ = {isa = PBXFileReference; explicitFileType = wrapper.cfbundle; includeInIndex = 0; path = MovieDatabasetVOSTests.xctest; sourceTree = BUILT_PRODUCTS_DIR; };
		AB3A7F1427EB519C00E58101 /* MovieDatabasetVOSTests.swift */ = {isa = PBXFileReference; lastKnownFileType = sourcecode.swift; path = MovieDatabasetVOSTests.swift; sourceTree = "<group>"; };
		AB3A7F1A27EB519C00E58101 /* MovieDatabasetVOSUITests.xctest */ = {isa = PBXFileReference; explicitFileType = wrapper.cfbundle; includeInIndex = 0; path = MovieDatabasetVOSUITests.xctest; sourceTree = BUILT_PRODUCTS_DIR; };
		AB3A7F1E27EB519C00E58101 /* MovieDatabasetVOSUITests.swift */ = {isa = PBXFileReference; lastKnownFileType = sourcecode.swift; path = MovieDatabasetVOSUITests.swift; sourceTree = "<group>"; };
		AB3A7F2027EB519C00E58101 /* MovieDatabasetVOSUITestsLaunchTests.swift */ = {isa = PBXFileReference; lastKnownFileType = sourcecode.swift; path = MovieDatabasetVOSUITestsLaunchTests.swift; sourceTree = "<group>"; };
		ABE2E37727FB61C900AA75A4 /* AnyObservableObject.swift */ = {isa = PBXFileReference; lastKnownFileType = sourcecode.swift; path = AnyObservableObject.swift; sourceTree = "<group>"; };
		ABE2E37A27FB75C900AA75A4 /* UserSession.swift */ = {isa = PBXFileReference; lastKnownFileType = sourcecode.swift; path = UserSession.swift; sourceTree = "<group>"; };
		ABE2E37E27FB766A00AA75A4 /* Movie.swift */ = {isa = PBXFileReference; lastKnownFileType = sourcecode.swift; path = Movie.swift; sourceTree = "<group>"; };
		ABE2E38127FB784400AA75A4 /* UserDefaultsBacked.swift */ = {isa = PBXFileReference; lastKnownFileType = sourcecode.swift; path = UserDefaultsBacked.swift; sourceTree = "<group>"; };
		ABE2E38427FB7AC200AA75A4 /* ViewModel.swift */ = {isa = PBXFileReference; lastKnownFileType = sourcecode.swift; path = ViewModel.swift; sourceTree = "<group>"; };
		B50AC63B1C5AC4482BE58264 /* Pods-MovieDatabasetVOS.release.xcconfig */ = {isa = PBXFileReference; includeInIndex = 1; lastKnownFileType = text.xcconfig; name = "Pods-MovieDatabasetVOS.release.xcconfig"; path = "Target Support Files/Pods-MovieDatabasetVOS/Pods-MovieDatabasetVOS.release.xcconfig"; sourceTree = "<group>"; };
		BC401B7FC1A4F0C06319B164 /* Pods-MovieDatabasetVOSTests.release.xcconfig */ = {isa = PBXFileReference; includeInIndex = 1; lastKnownFileType = text.xcconfig; name = "Pods-MovieDatabasetVOSTests.release.xcconfig"; path = "Target Support Files/Pods-MovieDatabasetVOSTests/Pods-MovieDatabasetVOSTests.release.xcconfig"; sourceTree = "<group>"; };
		BED7D05D0318D675CB1D0D39 /* Pods-MovieDatabasetVOS-MovieDatabasetVOSUITests.debug.xcconfig */ = {isa = PBXFileReference; includeInIndex = 1; lastKnownFileType = text.xcconfig; name = "Pods-MovieDatabasetVOS-MovieDatabasetVOSUITests.debug.xcconfig"; path = "Target Support Files/Pods-MovieDatabasetVOS-MovieDatabasetVOSUITests/Pods-MovieDatabasetVOS-MovieDatabasetVOSUITests.debug.xcconfig"; sourceTree = "<group>"; };
		F0B910030DD59C441BC1B255 /* Pods-MovieDatabasetVOS.debug.xcconfig */ = {isa = PBXFileReference; includeInIndex = 1; lastKnownFileType = text.xcconfig; name = "Pods-MovieDatabasetVOS.debug.xcconfig"; path = "Target Support Files/Pods-MovieDatabasetVOS/Pods-MovieDatabasetVOS.debug.xcconfig"; sourceTree = "<group>"; };
		F1AAAE8D516F2E73D7AD8DB5 /* Pods-MovieDatabasetVOSTests.debug.xcconfig */ = {isa = PBXFileReference; includeInIndex = 1; lastKnownFileType = text.xcconfig; name = "Pods-MovieDatabasetVOSTests.debug.xcconfig"; path = "Target Support Files/Pods-MovieDatabasetVOSTests/Pods-MovieDatabasetVOSTests.debug.xcconfig"; sourceTree = "<group>"; };
		F9CE20962892A475057CB1B6 /* Pods_MovieDatabasetVOS_MovieDatabasetVOSUITests.framework */ = {isa = PBXFileReference; explicitFileType = wrapper.framework; includeInIndex = 0; path = Pods_MovieDatabasetVOS_MovieDatabasetVOSUITests.framework; sourceTree = BUILT_PRODUCTS_DIR; };
/* End PBXFileReference section */

/* Begin PBXFrameworksBuildPhase section */
		AB3A7EFA27EB519B00E58101 /* Frameworks */ = {
			isa = PBXFrameworksBuildPhase;
			buildActionMask = 2147483647;
			files = (
				A3FE5CB880B223033925C7AA /* Pods_MovieDatabasetVOS.framework in Frameworks */,
			);
			runOnlyForDeploymentPostprocessing = 0;
		};
		AB3A7F0D27EB519C00E58101 /* Frameworks */ = {
			isa = PBXFrameworksBuildPhase;
			buildActionMask = 2147483647;
			files = (
				972D51E0732E92ECF3A4CD6F /* Pods_MovieDatabasetVOSTests.framework in Frameworks */,
			);
			runOnlyForDeploymentPostprocessing = 0;
		};
		AB3A7F1727EB519C00E58101 /* Frameworks */ = {
			isa = PBXFrameworksBuildPhase;
			buildActionMask = 2147483647;
			files = (
				F14FE9CB74E2BA18E0374B21 /* Pods_MovieDatabasetVOS_MovieDatabasetVOSUITests.framework in Frameworks */,
			);
			runOnlyForDeploymentPostprocessing = 0;
		};
/* End PBXFrameworksBuildPhase section */

/* Begin PBXGroup section */
		102A223027EC9A0800BC0B69 /* Shared */ = {
			isa = PBXGroup;
			children = (
				10FBC73927FB882600F6F205 /* Dependency Injection */,
				ABE2E38027FB782900AA75A4 /* PropertyWrappers */,
				10FBC73227FB417C00F6F205 /* Store */,
				102A223127EC9A0D00BC0B69 /* Theme Manager */,
			);
			path = Shared;
			sourceTree = "<group>";
		};
		102A223127EC9A0D00BC0B69 /* Theme Manager */ = {
			isa = PBXGroup;
			children = (
				102A223227EC9B9000BC0B69 /* Theme.swift */,
				102A223427EC9B9B00BC0B69 /* Colors.swift */,
			);
			path = "Theme Manager";
			sourceTree = "<group>";
		};
		10816F9A27F4D4F5001821D3 /* HomePage */ = {
			isa = PBXGroup;
			children = (
				10BABA6527F4D9FA007DDC10 /* MovieItem */,
				10816F9B27F4D569001821D3 /* HomepageView.swift */,
			);
			path = HomePage;
			sourceTree = "<group>";
		};
		108B94A727FF11BB009EF6F2 /* Protocol */ = {
			isa = PBXGroup;
			children = (
				ABE2E37A27FB75C900AA75A4 /* UserSession.swift */,
				AB169527280E4362000CAECC /* MovieSession.swift */,
			);
			path = Protocol;
			sourceTree = "<group>";
		};
		10A214B127EBC8F700E135EC /* Component */ = {
			isa = PBXGroup;
			children = (
				10816F9A27F4D4F5001821D3 /* HomePage */,
			);
			path = Component;
			sourceTree = "<group>";
		};
		10BABA6527F4D9FA007DDC10 /* MovieItem */ = {
			isa = PBXGroup;
			children = (
				10BABA6627F4DA05007DDC10 /* MovieItem.swift */,
			);
			path = MovieItem;
			sourceTree = "<group>";
		};
		10C8B4E127FF4C6100B0DA28 /* Networking */ = {
			isa = PBXGroup;
			children = (
				AB169529280EE9DE000CAECC /* HTTPRequestBuilder */,
				10C8B4F52801AAA800B0DA28 /* Auth Storage */,
				10C8B4ED27FF69BD00B0DA28 /* HTTPError */,
				10C8B4EA27FF67B300B0DA28 /* HTTPRequest */,
				10C8B4E727FF60A500B0DA28 /* HTTPResponse */,
				10C8B4E227FF4C8300B0DA28 /* Protocol */,
				10C8B4E527FF4CA400B0DA28 /* DefaultHTTPSession.swift */,
			);
			path = Networking;
			sourceTree = "<group>";
		};
		10C8B4E227FF4C8300B0DA28 /* Protocol */ = {
			isa = PBXGroup;
			children = (
				10C8B4E327FF4C9700B0DA28 /* HTTPSession.swift */,
			);
			path = Protocol;
			sourceTree = "<group>";
		};
		10C8B4E727FF60A500B0DA28 /* HTTPResponse */ = {
			isa = PBXGroup;
			children = (
				10C8B4E827FF60B600B0DA28 /* HTTPResponseMapper.swift */,
			);
			path = HTTPResponse;
			sourceTree = "<group>";
		};
		10C8B4EA27FF67B300B0DA28 /* HTTPRequest */ = {
			isa = PBXGroup;
			children = (
				10C8B4EB27FF67D000B0DA28 /* HTTPRequest.swift */,
			);
			path = HTTPRequest;
			sourceTree = "<group>";
		};
		10C8B4ED27FF69BD00B0DA28 /* HTTPError */ = {
			isa = PBXGroup;
			children = (
				10C8B4EE27FF69CA00B0DA28 /* HTTPError.swift */,
			);
			path = HTTPError;
			sourceTree = "<group>";
		};
		10C8B4F52801AAA800B0DA28 /* Auth Storage */ = {
			isa = PBXGroup;
			children = (
				10C8B4F62801AAB800B0DA28 /* AuthTokenStorage.swift */,
				10C8B4F82801AAF400B0DA28 /* AuthToken.swift */,
			);
			path = "Auth Storage";
			sourceTree = "<group>";
		};
		10C8B4FA2801AC5C00B0DA28 /* Device */ = {
			isa = PBXGroup;
			children = (
				10C8B4FB2801AC6E00B0DA28 /* DeviceRegistrationStatus.swift */,
			);
			path = Device;
			sourceTree = "<group>";
		};
		10E247EC27EB5715008D3887 /* Coordinator */ = {
			isa = PBXGroup;
			children = (
				10E247ED27EB5722008D3887 /* Coordinator.swift */,
				10E247EF27EB58B1008D3887 /* MainCoordinator.swift */,
			);
			path = Coordinator;
			sourceTree = "<group>";
		};
		10E247F127EB5F35008D3887 /* Components */ = {
			isa = PBXGroup;
			children = (
				AB16951C280E3286000CAECC /* Movie */,
				10E247F227EB5F47008D3887 /* Authorisation */,
			);
			path = Components;
			sourceTree = "<group>";
		};
		10E247F227EB5F47008D3887 /* Authorisation */ = {
			isa = PBXGroup;
			children = (
				10E247F527EB5F6C008D3887 /* LoginViewController.swift */,
				1028D9552805F2070083F0B1 /* LoginCoordinator.swift */,
				1028D9532805F1FB0083F0B1 /* LoginViewModel.swift */,
				1028D9572805F2640083F0B1 /* LoginAssembly.swift */,
				1028D95C2805F4CA0083F0B1 /* LoginView.swift */,
			);
			path = Authorisation;
			sourceTree = "<group>";
		};
		10E247F727EB60E1008D3887 /* Extensions */ = {
			isa = PBXGroup;
			children = (
				10E247FA27EB6193008D3887 /* UIButton.swift */,
				10E247F827EB60F8008D3887 /* UIView.swift */,
				10A214B927EBCDCB00E135EC /* StackView.swift */,
				1028D96228064B580083F0B1 /* Resolver+Assembler.swift */,
			);
			path = Extensions;
			sourceTree = "<group>";
		};
		10FBC73227FB417C00F6F205 /* Store */ = {
			isa = PBXGroup;
			children = (
				ABE2E38327FB7AA600AA75A4 /* View Model */,
				10FBC73327FB418800F6F205 /* Store.swift */,
			);
			path = Store;
			sourceTree = "<group>";
		};
		10FBC73927FB882600F6F205 /* Dependency Injection */ = {
			isa = PBXGroup;
			children = (
				10FBC73A27FB883C00F6F205 /* Dependency Provider.swift */,
			);
			path = "Dependency Injection";
			sourceTree = "<group>";
		};
		3CCE849C70020D15290059E2 /* Pods */ = {
			isa = PBXGroup;
			children = (
				F0B910030DD59C441BC1B255 /* Pods-MovieDatabasetVOS.debug.xcconfig */,
				B50AC63B1C5AC4482BE58264 /* Pods-MovieDatabasetVOS.release.xcconfig */,
				BED7D05D0318D675CB1D0D39 /* Pods-MovieDatabasetVOS-MovieDatabasetVOSUITests.debug.xcconfig */,
				65469F0ECCA997AC4C5F6380 /* Pods-MovieDatabasetVOS-MovieDatabasetVOSUITests.release.xcconfig */,
				F1AAAE8D516F2E73D7AD8DB5 /* Pods-MovieDatabasetVOSTests.debug.xcconfig */,
				BC401B7FC1A4F0C06319B164 /* Pods-MovieDatabasetVOSTests.release.xcconfig */,
			);
			path = Pods;
			sourceTree = "<group>";
		};
		6A2091F5D98D8E7B2376FA06 /* Frameworks */ = {
			isa = PBXGroup;
			children = (
				A77ADFE5226354DBC12213DE /* Pods_MovieDatabasetVOS.framework */,
				F9CE20962892A475057CB1B6 /* Pods_MovieDatabasetVOS_MovieDatabasetVOSUITests.framework */,
				31696F88C5083A33B3B08600 /* Pods_MovieDatabasetVOSTests.framework */,
			);
			name = Frameworks;
			sourceTree = "<group>";
		};
		AB16951C280E3286000CAECC /* Movie */ = {
			isa = PBXGroup;
			children = (
				AB16951D280E343C000CAECC /* MovieAssembly.swift */,
				AB16951F280E3449000CAECC /* MovieCoordinator.swift */,
				AB169521280E3452000CAECC /* MovieViewController.swift */,
				AB169523280E3483000CAECC /* MovieViewModel.swift */,
				AB169525280E34A5000CAECC /* MovieView.swift */,
			);
			path = Movie;
			sourceTree = "<group>";
		};
		AB169529280EE9DE000CAECC /* HTTPRequestBuilder */ = {
			isa = PBXGroup;
			children = (
				AB16952A280EE9EF000CAECC /* HTTPRequestBuilder.swift */,
			);
			path = HTTPRequestBuilder;
			sourceTree = "<group>";
		};
		AB3A7EF427EB519B00E58101 = {
			isa = PBXGroup;
			children = (
				AB3A7EFF27EB519B00E58101 /* MovieDatabasetVOS */,
				AB3A7F1327EB519C00E58101 /* MovieDatabasetVOSTests */,
				AB3A7F1D27EB519C00E58101 /* MovieDatabasetVOSUITests */,
				AB3A7EFE27EB519B00E58101 /* Products */,
				3CCE849C70020D15290059E2 /* Pods */,
				6A2091F5D98D8E7B2376FA06 /* Frameworks */,
			);
			sourceTree = "<group>";
		};
		AB3A7EFE27EB519B00E58101 /* Products */ = {
			isa = PBXGroup;
			children = (
				AB3A7EFD27EB519B00E58101 /* MovieDatabasetVOS.app */,
				AB3A7F1027EB519C00E58101 /* MovieDatabasetVOSTests.xctest */,
				AB3A7F1A27EB519C00E58101 /* MovieDatabasetVOSUITests.xctest */,
			);
			name = Products;
			sourceTree = "<group>";
		};
		AB3A7EFF27EB519B00E58101 /* MovieDatabasetVOS */ = {
			isa = PBXGroup;
			children = (
				109F88F0280DEC49005FEA91 /* GoogleService-Info.plist */,
				10C8B4E127FF4C6100B0DA28 /* Networking */,
				ABE2E37927FB75BA00AA75A4 /* API */,
				102A223027EC9A0800BC0B69 /* Shared */,
				10A214B127EBC8F700E135EC /* Component */,
				10E247F727EB60E1008D3887 /* Extensions */,
				10E247F127EB5F35008D3887 /* Components */,
				10E247EC27EB5715008D3887 /* Coordinator */,
				AB3A7F0027EB519B00E58101 /* AppDelegate.swift */,
				AB3A7F0227EB519B00E58101 /* ViewController.swift */,
				AB3A7F0427EB519B00E58101 /* Main.storyboard */,
				AB3A7F0727EB519C00E58101 /* Assets.xcassets */,
				AB3A7F0927EB519C00E58101 /* LaunchScreen.storyboard */,
				1064DC0628074F7F00B63E2F /* NetworkAssembly.swift */,
			);
			path = MovieDatabasetVOS;
			sourceTree = "<group>";
		};
		AB3A7F1327EB519C00E58101 /* MovieDatabasetVOSTests */ = {
			isa = PBXGroup;
			children = (
				AB3A7F1427EB519C00E58101 /* MovieDatabasetVOSTests.swift */,
			);
			path = MovieDatabasetVOSTests;
			sourceTree = "<group>";
		};
		AB3A7F1D27EB519C00E58101 /* MovieDatabasetVOSUITests */ = {
			isa = PBXGroup;
			children = (
				AB3A7F1E27EB519C00E58101 /* MovieDatabasetVOSUITests.swift */,
				AB3A7F2027EB519C00E58101 /* MovieDatabasetVOSUITestsLaunchTests.swift */,
			);
			path = MovieDatabasetVOSUITests;
			sourceTree = "<group>";
		};
		ABE2E37927FB75BA00AA75A4 /* API */ = {
			isa = PBXGroup;
			children = (
				108B94A727FF11BB009EF6F2 /* Protocol */,
				ABE2E37C27FB764200AA75A4 /* Model */,
				108B94A827FF125F009EF6F2 /* DefaultMovieSession.swift */,
				1028D95E2805F91C0083F0B1 /* APIKeys.plist */,
				1064DC0428074F3000B63E2F /* DefaultUserSession.swift */,
			);
			path = API;
			sourceTree = "<group>";
		};
		ABE2E37C27FB764200AA75A4 /* Model */ = {
			isa = PBXGroup;
			children = (
				10C8B4FA2801AC5C00B0DA28 /* Device */,
				ABE2E37D27FB764B00AA75A4 /* Movie */,
			);
			path = Model;
			sourceTree = "<group>";
		};
		ABE2E37D27FB764B00AA75A4 /* Movie */ = {
			isa = PBXGroup;
			children = (
				ABE2E37E27FB766A00AA75A4 /* Movie.swift */,
			);
			path = Movie;
			sourceTree = "<group>";
		};
		ABE2E38027FB782900AA75A4 /* PropertyWrappers */ = {
			isa = PBXGroup;
			children = (
				ABE2E38127FB784400AA75A4 /* UserDefaultsBacked.swift */,
			);
			path = PropertyWrappers;
			sourceTree = "<group>";
		};
		ABE2E38327FB7AA600AA75A4 /* View Model */ = {
			isa = PBXGroup;
			children = (
				ABE2E37727FB61C900AA75A4 /* AnyObservableObject.swift */,
				10FBC73527FB489300F6F205 /* ErasedObservableObject.swift */,
				ABE2E38427FB7AC200AA75A4 /* ViewModel.swift */,
			);
			path = "View Model";
			sourceTree = "<group>";
		};
/* End PBXGroup section */

/* Begin PBXNativeTarget section */
		AB3A7EFC27EB519B00E58101 /* MovieDatabasetVOS */ = {
			isa = PBXNativeTarget;
			buildConfigurationList = AB3A7F2427EB519C00E58101 /* Build configuration list for PBXNativeTarget "MovieDatabasetVOS" */;
			buildPhases = (
				88FB1ABE72F3EA9F968462C9 /* [CP] Check Pods Manifest.lock */,
				AB3A7EF927EB519B00E58101 /* Sources */,
				AB3A7EFA27EB519B00E58101 /* Frameworks */,
				AB3A7EFB27EB519B00E58101 /* Resources */,
				AE2E233644E5E082E2D9D67A /* [CP] Embed Pods Frameworks */,
			);
			buildRules = (
			);
			dependencies = (
			);
			name = MovieDatabasetVOS;
			productName = MovieDatabasetVOS;
			productReference = AB3A7EFD27EB519B00E58101 /* MovieDatabasetVOS.app */;
			productType = "com.apple.product-type.application";
		};
		AB3A7F0F27EB519C00E58101 /* MovieDatabasetVOSTests */ = {
			isa = PBXNativeTarget;
			buildConfigurationList = AB3A7F2727EB519C00E58101 /* Build configuration list for PBXNativeTarget "MovieDatabasetVOSTests" */;
			buildPhases = (
				C68A9C52C0F611284A9DD5B5 /* [CP] Check Pods Manifest.lock */,
				AB3A7F0C27EB519C00E58101 /* Sources */,
				AB3A7F0D27EB519C00E58101 /* Frameworks */,
				AB3A7F0E27EB519C00E58101 /* Resources */,
			);
			buildRules = (
			);
			dependencies = (
				AB3A7F1227EB519C00E58101 /* PBXTargetDependency */,
			);
			name = MovieDatabasetVOSTests;
			productName = MovieDatabasetVOSTests;
			productReference = AB3A7F1027EB519C00E58101 /* MovieDatabasetVOSTests.xctest */;
			productType = "com.apple.product-type.bundle.unit-test";
		};
		AB3A7F1927EB519C00E58101 /* MovieDatabasetVOSUITests */ = {
			isa = PBXNativeTarget;
			buildConfigurationList = AB3A7F2A27EB519C00E58101 /* Build configuration list for PBXNativeTarget "MovieDatabasetVOSUITests" */;
			buildPhases = (
				03EE9B3FED39D2CCF0BE1FD3 /* [CP] Check Pods Manifest.lock */,
				AB3A7F1627EB519C00E58101 /* Sources */,
				AB3A7F1727EB519C00E58101 /* Frameworks */,
				AB3A7F1827EB519C00E58101 /* Resources */,
				71B0A2F3B861A43AD2DF3077 /* [CP] Embed Pods Frameworks */,
			);
			buildRules = (
			);
			dependencies = (
				AB3A7F1C27EB519C00E58101 /* PBXTargetDependency */,
			);
			name = MovieDatabasetVOSUITests;
			productName = MovieDatabasetVOSUITests;
			productReference = AB3A7F1A27EB519C00E58101 /* MovieDatabasetVOSUITests.xctest */;
			productType = "com.apple.product-type.bundle.ui-testing";
		};
/* End PBXNativeTarget section */

/* Begin PBXProject section */
		AB3A7EF527EB519B00E58101 /* Project object */ = {
			isa = PBXProject;
			attributes = {
				BuildIndependentTargetsInParallel = 1;
				LastSwiftUpdateCheck = 1330;
				LastUpgradeCheck = 1330;
				TargetAttributes = {
					AB3A7EFC27EB519B00E58101 = {
						CreatedOnToolsVersion = 13.3;
					};
					AB3A7F0F27EB519C00E58101 = {
						CreatedOnToolsVersion = 13.3;
						TestTargetID = AB3A7EFC27EB519B00E58101;
					};
					AB3A7F1927EB519C00E58101 = {
						CreatedOnToolsVersion = 13.3;
						TestTargetID = AB3A7EFC27EB519B00E58101;
					};
				};
			};
			buildConfigurationList = AB3A7EF827EB519B00E58101 /* Build configuration list for PBXProject "MovieDatabasetVOS" */;
			compatibilityVersion = "Xcode 13.0";
			developmentRegion = en;
			hasScannedForEncodings = 0;
			knownRegions = (
				en,
				Base,
			);
			mainGroup = AB3A7EF427EB519B00E58101;
			productRefGroup = AB3A7EFE27EB519B00E58101 /* Products */;
			projectDirPath = "";
			projectRoot = "";
			targets = (
				AB3A7EFC27EB519B00E58101 /* MovieDatabasetVOS */,
				AB3A7F0F27EB519C00E58101 /* MovieDatabasetVOSTests */,
				AB3A7F1927EB519C00E58101 /* MovieDatabasetVOSUITests */,
			);
		};
/* End PBXProject section */

/* Begin PBXResourcesBuildPhase section */
		AB3A7EFB27EB519B00E58101 /* Resources */ = {
			isa = PBXResourcesBuildPhase;
			buildActionMask = 2147483647;
			files = (
				AB3A7F0B27EB519C00E58101 /* LaunchScreen.storyboard in Resources */,
				1028D95F2805F91C0083F0B1 /* APIKeys.plist in Resources */,
				109F88F1280DEC49005FEA91 /* GoogleService-Info.plist in Resources */,
				AB3A7F0827EB519C00E58101 /* Assets.xcassets in Resources */,
				AB3A7F0627EB519B00E58101 /* Main.storyboard in Resources */,
			);
			runOnlyForDeploymentPostprocessing = 0;
		};
		AB3A7F0E27EB519C00E58101 /* Resources */ = {
			isa = PBXResourcesBuildPhase;
			buildActionMask = 2147483647;
			files = (
			);
			runOnlyForDeploymentPostprocessing = 0;
		};
		AB3A7F1827EB519C00E58101 /* Resources */ = {
			isa = PBXResourcesBuildPhase;
			buildActionMask = 2147483647;
			files = (
			);
			runOnlyForDeploymentPostprocessing = 0;
		};
/* End PBXResourcesBuildPhase section */

/* Begin PBXShellScriptBuildPhase section */
		03EE9B3FED39D2CCF0BE1FD3 /* [CP] Check Pods Manifest.lock */ = {
			isa = PBXShellScriptBuildPhase;
			buildActionMask = 2147483647;
			files = (
			);
			inputFileListPaths = (
			);
			inputPaths = (
				"${PODS_PODFILE_DIR_PATH}/Podfile.lock",
				"${PODS_ROOT}/Manifest.lock",
			);
			name = "[CP] Check Pods Manifest.lock";
			outputFileListPaths = (
			);
			outputPaths = (
				"$(DERIVED_FILE_DIR)/Pods-MovieDatabasetVOS-MovieDatabasetVOSUITests-checkManifestLockResult.txt",
			);
			runOnlyForDeploymentPostprocessing = 0;
			shellPath = /bin/sh;
			shellScript = "diff \"${PODS_PODFILE_DIR_PATH}/Podfile.lock\" \"${PODS_ROOT}/Manifest.lock\" > /dev/null\nif [ $? != 0 ] ; then\n    # print error to STDERR\n    echo \"error: The sandbox is not in sync with the Podfile.lock. Run 'pod install' or update your CocoaPods installation.\" >&2\n    exit 1\nfi\n# This output is used by Xcode 'outputs' to avoid re-running this script phase.\necho \"SUCCESS\" > \"${SCRIPT_OUTPUT_FILE_0}\"\n";
			showEnvVarsInLog = 0;
		};
		71B0A2F3B861A43AD2DF3077 /* [CP] Embed Pods Frameworks */ = {
			isa = PBXShellScriptBuildPhase;
			buildActionMask = 2147483647;
			files = (
			);
			inputFileListPaths = (
				"${PODS_ROOT}/Target Support Files/Pods-MovieDatabasetVOS-MovieDatabasetVOSUITests/Pods-MovieDatabasetVOS-MovieDatabasetVOSUITests-frameworks-${CONFIGURATION}-input-files.xcfilelist",
			);
			name = "[CP] Embed Pods Frameworks";
			outputFileListPaths = (
				"${PODS_ROOT}/Target Support Files/Pods-MovieDatabasetVOS-MovieDatabasetVOSUITests/Pods-MovieDatabasetVOS-MovieDatabasetVOSUITests-frameworks-${CONFIGURATION}-output-files.xcfilelist",
			);
			runOnlyForDeploymentPostprocessing = 0;
			shellPath = /bin/sh;
			shellScript = "\"${PODS_ROOT}/Target Support Files/Pods-MovieDatabasetVOS-MovieDatabasetVOSUITests/Pods-MovieDatabasetVOS-MovieDatabasetVOSUITests-frameworks.sh\"\n";
			showEnvVarsInLog = 0;
		};
		88FB1ABE72F3EA9F968462C9 /* [CP] Check Pods Manifest.lock */ = {
			isa = PBXShellScriptBuildPhase;
			buildActionMask = 2147483647;
			files = (
			);
			inputFileListPaths = (
			);
			inputPaths = (
				"${PODS_PODFILE_DIR_PATH}/Podfile.lock",
				"${PODS_ROOT}/Manifest.lock",
			);
			name = "[CP] Check Pods Manifest.lock";
			outputFileListPaths = (
			);
			outputPaths = (
				"$(DERIVED_FILE_DIR)/Pods-MovieDatabasetVOS-checkManifestLockResult.txt",
			);
			runOnlyForDeploymentPostprocessing = 0;
			shellPath = /bin/sh;
			shellScript = "diff \"${PODS_PODFILE_DIR_PATH}/Podfile.lock\" \"${PODS_ROOT}/Manifest.lock\" > /dev/null\nif [ $? != 0 ] ; then\n    # print error to STDERR\n    echo \"error: The sandbox is not in sync with the Podfile.lock. Run 'pod install' or update your CocoaPods installation.\" >&2\n    exit 1\nfi\n# This output is used by Xcode 'outputs' to avoid re-running this script phase.\necho \"SUCCESS\" > \"${SCRIPT_OUTPUT_FILE_0}\"\n";
			showEnvVarsInLog = 0;
		};
		AE2E233644E5E082E2D9D67A /* [CP] Embed Pods Frameworks */ = {
			isa = PBXShellScriptBuildPhase;
			buildActionMask = 2147483647;
			files = (
			);
			inputFileListPaths = (
				"${PODS_ROOT}/Target Support Files/Pods-MovieDatabasetVOS/Pods-MovieDatabasetVOS-frameworks-${CONFIGURATION}-input-files.xcfilelist",
			);
			name = "[CP] Embed Pods Frameworks";
			outputFileListPaths = (
				"${PODS_ROOT}/Target Support Files/Pods-MovieDatabasetVOS/Pods-MovieDatabasetVOS-frameworks-${CONFIGURATION}-output-files.xcfilelist",
			);
			runOnlyForDeploymentPostprocessing = 0;
			shellPath = /bin/sh;
			shellScript = "\"${PODS_ROOT}/Target Support Files/Pods-MovieDatabasetVOS/Pods-MovieDatabasetVOS-frameworks.sh\"\n";
			showEnvVarsInLog = 0;
		};
		C68A9C52C0F611284A9DD5B5 /* [CP] Check Pods Manifest.lock */ = {
			isa = PBXShellScriptBuildPhase;
			buildActionMask = 2147483647;
			files = (
			);
			inputFileListPaths = (
			);
			inputPaths = (
				"${PODS_PODFILE_DIR_PATH}/Podfile.lock",
				"${PODS_ROOT}/Manifest.lock",
			);
			name = "[CP] Check Pods Manifest.lock";
			outputFileListPaths = (
			);
			outputPaths = (
				"$(DERIVED_FILE_DIR)/Pods-MovieDatabasetVOSTests-checkManifestLockResult.txt",
			);
			runOnlyForDeploymentPostprocessing = 0;
			shellPath = /bin/sh;
			shellScript = "diff \"${PODS_PODFILE_DIR_PATH}/Podfile.lock\" \"${PODS_ROOT}/Manifest.lock\" > /dev/null\nif [ $? != 0 ] ; then\n    # print error to STDERR\n    echo \"error: The sandbox is not in sync with the Podfile.lock. Run 'pod install' or update your CocoaPods installation.\" >&2\n    exit 1\nfi\n# This output is used by Xcode 'outputs' to avoid re-running this script phase.\necho \"SUCCESS\" > \"${SCRIPT_OUTPUT_FILE_0}\"\n";
			showEnvVarsInLog = 0;
		};
/* End PBXShellScriptBuildPhase section */

/* Begin PBXSourcesBuildPhase section */
		AB3A7EF927EB519B00E58101 /* Sources */ = {
			isa = PBXSourcesBuildPhase;
			buildActionMask = 2147483647;
			files = (
				10C8B4FC2801AC6E00B0DA28 /* DeviceRegistrationStatus.swift in Sources */,
				10E247F627EB5F6C008D3887 /* LoginViewController.swift in Sources */,
				AB3A7F0327EB519B00E58101 /* ViewController.swift in Sources */,
				ABE2E37F27FB766A00AA75A4 /* Movie.swift in Sources */,
				10C8B4E427FF4C9700B0DA28 /* HTTPSession.swift in Sources */,
				10C8B4E627FF4CA400B0DA28 /* DefaultHTTPSession.swift in Sources */,
				1028D9562805F2070083F0B1 /* LoginCoordinator.swift in Sources */,
				ABE2E38227FB784400AA75A4 /* UserDefaultsBacked.swift in Sources */,
				10C8B4EF27FF69CA00B0DA28 /* HTTPError.swift in Sources */,
				AB16952B280EE9EF000CAECC /* HTTPRequestBuilder.swift in Sources */,
				ABE2E38527FB7AC200AA75A4 /* ViewModel.swift in Sources */,
				AB3A7F0127EB519B00E58101 /* AppDelegate.swift in Sources */,
				AB169524280E3483000CAECC /* MovieViewModel.swift in Sources */,
				102A223327EC9B9000BC0B69 /* Theme.swift in Sources */,
				108B94A927FF125F009EF6F2 /* DefaultMovieSession.swift in Sources */,
				AB16951E280E343C000CAECC /* MovieAssembly.swift in Sources */,
				1028D95D2805F4CA0083F0B1 /* LoginView.swift in Sources */,
				10E247FB27EB6193008D3887 /* UIButton.swift in Sources */,
				1028D9542805F1FB0083F0B1 /* LoginViewModel.swift in Sources */,
				10E247F927EB60F8008D3887 /* UIView.swift in Sources */,
				10E247F027EB58B1008D3887 /* MainCoordinator.swift in Sources */,
				1064DC0728074F7F00B63E2F /* NetworkAssembly.swift in Sources */,
				AB169528280E4362000CAECC /* MovieSession.swift in Sources */,
				10BABA6727F4DA06007DDC10 /* MovieItem.swift in Sources */,
				1028D96328064B580083F0B1 /* Resolver+Assembler.swift in Sources */,
				1028D9582805F2640083F0B1 /* LoginAssembly.swift in Sources */,
				10C8B4E927FF60B600B0DA28 /* HTTPResponseMapper.swift in Sources */,
				10FBC73B27FB883C00F6F205 /* Dependency Provider.swift in Sources */,
				ABE2E37827FB61C900AA75A4 /* AnyObservableObject.swift in Sources */,
				AB169522280E3452000CAECC /* MovieViewController.swift in Sources */,
				10FBC73627FB489300F6F205 /* ErasedObservableObject.swift in Sources */,
				102A223527EC9B9B00BC0B69 /* Colors.swift in Sources */,
				10E247EE27EB5722008D3887 /* Coordinator.swift in Sources */,
				10C8B4F72801AAB800B0DA28 /* AuthTokenStorage.swift in Sources */,
				10FBC73427FB418800F6F205 /* Store.swift in Sources */,
				ABE2E37B27FB75C900AA75A4 /* UserSession.swift in Sources */,
				1064DC0528074F3000B63E2F /* DefaultUserSession.swift in Sources */,
				10816F9C27F4D569001821D3 /* HomepageView.swift in Sources */,
				10C8B4EC27FF67D000B0DA28 /* HTTPRequest.swift in Sources */,
				AB169520280E3449000CAECC /* MovieCoordinator.swift in Sources */,
				10A214BA27EBCDCB00E135EC /* StackView.swift in Sources */,
				AB169526280E34A5000CAECC /* MovieView.swift in Sources */,
				10C8B4F92801AAF400B0DA28 /* AuthToken.swift in Sources */,
			);
			runOnlyForDeploymentPostprocessing = 0;
		};
		AB3A7F0C27EB519C00E58101 /* Sources */ = {
			isa = PBXSourcesBuildPhase;
			buildActionMask = 2147483647;
			files = (
				AB3A7F1527EB519C00E58101 /* MovieDatabasetVOSTests.swift in Sources */,
			);
			runOnlyForDeploymentPostprocessing = 0;
		};
		AB3A7F1627EB519C00E58101 /* Sources */ = {
			isa = PBXSourcesBuildPhase;
			buildActionMask = 2147483647;
			files = (
				AB3A7F2127EB519C00E58101 /* MovieDatabasetVOSUITestsLaunchTests.swift in Sources */,
				AB3A7F1F27EB519C00E58101 /* MovieDatabasetVOSUITests.swift in Sources */,
			);
			runOnlyForDeploymentPostprocessing = 0;
		};
/* End PBXSourcesBuildPhase section */

/* Begin PBXTargetDependency section */
		AB3A7F1227EB519C00E58101 /* PBXTargetDependency */ = {
			isa = PBXTargetDependency;
			target = AB3A7EFC27EB519B00E58101 /* MovieDatabasetVOS */;
			targetProxy = AB3A7F1127EB519C00E58101 /* PBXContainerItemProxy */;
		};
		AB3A7F1C27EB519C00E58101 /* PBXTargetDependency */ = {
			isa = PBXTargetDependency;
			target = AB3A7EFC27EB519B00E58101 /* MovieDatabasetVOS */;
			targetProxy = AB3A7F1B27EB519C00E58101 /* PBXContainerItemProxy */;
		};
/* End PBXTargetDependency section */

/* Begin PBXVariantGroup section */
		AB3A7F0427EB519B00E58101 /* Main.storyboard */ = {
			isa = PBXVariantGroup;
			children = (
				AB3A7F0527EB519B00E58101 /* Base */,
			);
			name = Main.storyboard;
			sourceTree = "<group>";
		};
		AB3A7F0927EB519C00E58101 /* LaunchScreen.storyboard */ = {
			isa = PBXVariantGroup;
			children = (
				AB3A7F0A27EB519C00E58101 /* Base */,
			);
			name = LaunchScreen.storyboard;
			sourceTree = "<group>";
		};
/* End PBXVariantGroup section */

/* Begin XCBuildConfiguration section */
		AB3A7F2227EB519C00E58101 /* Debug */ = {
			isa = XCBuildConfiguration;
			buildSettings = {
				ALWAYS_SEARCH_USER_PATHS = NO;
				CLANG_ANALYZER_NONNULL = YES;
				CLANG_ANALYZER_NUMBER_OBJECT_CONVERSION = YES_AGGRESSIVE;
				CLANG_CXX_LANGUAGE_STANDARD = "gnu++17";
				CLANG_ENABLE_MODULES = YES;
				CLANG_ENABLE_OBJC_ARC = YES;
				CLANG_ENABLE_OBJC_WEAK = YES;
				CLANG_WARN_BLOCK_CAPTURE_AUTORELEASING = YES;
				CLANG_WARN_BOOL_CONVERSION = YES;
				CLANG_WARN_COMMA = YES;
				CLANG_WARN_CONSTANT_CONVERSION = YES;
				CLANG_WARN_DEPRECATED_OBJC_IMPLEMENTATIONS = YES;
				CLANG_WARN_DIRECT_OBJC_ISA_USAGE = YES_ERROR;
				CLANG_WARN_DOCUMENTATION_COMMENTS = YES;
				CLANG_WARN_EMPTY_BODY = YES;
				CLANG_WARN_ENUM_CONVERSION = YES;
				CLANG_WARN_INFINITE_RECURSION = YES;
				CLANG_WARN_INT_CONVERSION = YES;
				CLANG_WARN_NON_LITERAL_NULL_CONVERSION = YES;
				CLANG_WARN_OBJC_IMPLICIT_RETAIN_SELF = YES;
				CLANG_WARN_OBJC_LITERAL_CONVERSION = YES;
				CLANG_WARN_OBJC_ROOT_CLASS = YES_ERROR;
				CLANG_WARN_QUOTED_INCLUDE_IN_FRAMEWORK_HEADER = YES;
				CLANG_WARN_RANGE_LOOP_ANALYSIS = YES;
				CLANG_WARN_STRICT_PROTOTYPES = YES;
				CLANG_WARN_SUSPICIOUS_MOVE = YES;
				CLANG_WARN_UNGUARDED_AVAILABILITY = YES_AGGRESSIVE;
				CLANG_WARN_UNREACHABLE_CODE = YES;
				CLANG_WARN__DUPLICATE_METHOD_MATCH = YES;
				COPY_PHASE_STRIP = NO;
				DEBUG_INFORMATION_FORMAT = dwarf;
				ENABLE_STRICT_OBJC_MSGSEND = YES;
				ENABLE_TESTABILITY = YES;
				GCC_C_LANGUAGE_STANDARD = gnu11;
				GCC_DYNAMIC_NO_PIC = NO;
				GCC_NO_COMMON_BLOCKS = YES;
				GCC_OPTIMIZATION_LEVEL = 0;
				GCC_PREPROCESSOR_DEFINITIONS = (
					"DEBUG=1",
					"$(inherited)",
				);
				GCC_WARN_64_TO_32_BIT_CONVERSION = YES;
				GCC_WARN_ABOUT_RETURN_TYPE = YES_ERROR;
				GCC_WARN_UNDECLARED_SELECTOR = YES;
				GCC_WARN_UNINITIALIZED_AUTOS = YES_AGGRESSIVE;
				GCC_WARN_UNUSED_FUNCTION = YES;
				GCC_WARN_UNUSED_VARIABLE = YES;
				MTL_ENABLE_DEBUG_INFO = INCLUDE_SOURCE;
				MTL_FAST_MATH = YES;
				ONLY_ACTIVE_ARCH = YES;
				SDKROOT = appletvos;
				SWIFT_ACTIVE_COMPILATION_CONDITIONS = DEBUG;
				SWIFT_OPTIMIZATION_LEVEL = "-Onone";
				TVOS_DEPLOYMENT_TARGET = 15.4;
			};
			name = Debug;
		};
		AB3A7F2327EB519C00E58101 /* Release */ = {
			isa = XCBuildConfiguration;
			buildSettings = {
				ALWAYS_SEARCH_USER_PATHS = NO;
				CLANG_ANALYZER_NONNULL = YES;
				CLANG_ANALYZER_NUMBER_OBJECT_CONVERSION = YES_AGGRESSIVE;
				CLANG_CXX_LANGUAGE_STANDARD = "gnu++17";
				CLANG_ENABLE_MODULES = YES;
				CLANG_ENABLE_OBJC_ARC = YES;
				CLANG_ENABLE_OBJC_WEAK = YES;
				CLANG_WARN_BLOCK_CAPTURE_AUTORELEASING = YES;
				CLANG_WARN_BOOL_CONVERSION = YES;
				CLANG_WARN_COMMA = YES;
				CLANG_WARN_CONSTANT_CONVERSION = YES;
				CLANG_WARN_DEPRECATED_OBJC_IMPLEMENTATIONS = YES;
				CLANG_WARN_DIRECT_OBJC_ISA_USAGE = YES_ERROR;
				CLANG_WARN_DOCUMENTATION_COMMENTS = YES;
				CLANG_WARN_EMPTY_BODY = YES;
				CLANG_WARN_ENUM_CONVERSION = YES;
				CLANG_WARN_INFINITE_RECURSION = YES;
				CLANG_WARN_INT_CONVERSION = YES;
				CLANG_WARN_NON_LITERAL_NULL_CONVERSION = YES;
				CLANG_WARN_OBJC_IMPLICIT_RETAIN_SELF = YES;
				CLANG_WARN_OBJC_LITERAL_CONVERSION = YES;
				CLANG_WARN_OBJC_ROOT_CLASS = YES_ERROR;
				CLANG_WARN_QUOTED_INCLUDE_IN_FRAMEWORK_HEADER = YES;
				CLANG_WARN_RANGE_LOOP_ANALYSIS = YES;
				CLANG_WARN_STRICT_PROTOTYPES = YES;
				CLANG_WARN_SUSPICIOUS_MOVE = YES;
				CLANG_WARN_UNGUARDED_AVAILABILITY = YES_AGGRESSIVE;
				CLANG_WARN_UNREACHABLE_CODE = YES;
				CLANG_WARN__DUPLICATE_METHOD_MATCH = YES;
				COPY_PHASE_STRIP = NO;
				DEBUG_INFORMATION_FORMAT = "dwarf-with-dsym";
				ENABLE_NS_ASSERTIONS = NO;
				ENABLE_STRICT_OBJC_MSGSEND = YES;
				GCC_C_LANGUAGE_STANDARD = gnu11;
				GCC_NO_COMMON_BLOCKS = YES;
				GCC_WARN_64_TO_32_BIT_CONVERSION = YES;
				GCC_WARN_ABOUT_RETURN_TYPE = YES_ERROR;
				GCC_WARN_UNDECLARED_SELECTOR = YES;
				GCC_WARN_UNINITIALIZED_AUTOS = YES_AGGRESSIVE;
				GCC_WARN_UNUSED_FUNCTION = YES;
				GCC_WARN_UNUSED_VARIABLE = YES;
				MTL_ENABLE_DEBUG_INFO = NO;
				MTL_FAST_MATH = YES;
				SDKROOT = appletvos;
				SWIFT_COMPILATION_MODE = wholemodule;
				SWIFT_OPTIMIZATION_LEVEL = "-O";
				TVOS_DEPLOYMENT_TARGET = 15.4;
				VALIDATE_PRODUCT = YES;
			};
			name = Release;
		};
		AB3A7F2527EB519C00E58101 /* Debug */ = {
			isa = XCBuildConfiguration;
			baseConfigurationReference = F0B910030DD59C441BC1B255 /* Pods-MovieDatabasetVOS.debug.xcconfig */;
			buildSettings = {
				ASSETCATALOG_COMPILER_APPICON_NAME = "App Icon & Top Shelf Image";
				ASSETCATALOG_COMPILER_GLOBAL_ACCENT_COLOR_NAME = AccentColor;
				CODE_SIGN_STYLE = Automatic;
				CURRENT_PROJECT_VERSION = 1;
				DEVELOPMENT_TEAM = Z969BXL62D;
				GENERATE_INFOPLIST_FILE = YES;
				INFOPLIST_KEY_UILaunchStoryboardName = LaunchScreen;
				INFOPLIST_KEY_UIUserInterfaceStyle = Automatic;
				LD_RUNPATH_SEARCH_PATHS = (
					"$(inherited)",
					"@executable_path/Frameworks",
				);
				MARKETING_VERSION = 1.0;
				PRODUCT_BUNDLE_IDENTIFIER = SampleTest.MovieDatabasetVOS;
				PRODUCT_NAME = "$(TARGET_NAME)";
				SWIFT_EMIT_LOC_STRINGS = YES;
				SWIFT_VERSION = 5.0;
				TARGETED_DEVICE_FAMILY = 3;
			};
			name = Debug;
		};
		AB3A7F2627EB519C00E58101 /* Release */ = {
			isa = XCBuildConfiguration;
			baseConfigurationReference = B50AC63B1C5AC4482BE58264 /* Pods-MovieDatabasetVOS.release.xcconfig */;
			buildSettings = {
				ASSETCATALOG_COMPILER_APPICON_NAME = "App Icon & Top Shelf Image";
				ASSETCATALOG_COMPILER_GLOBAL_ACCENT_COLOR_NAME = AccentColor;
				CODE_SIGN_STYLE = Automatic;
				CURRENT_PROJECT_VERSION = 1;
				DEVELOPMENT_TEAM = Z969BXL62D;
				GENERATE_INFOPLIST_FILE = YES;
				INFOPLIST_KEY_UILaunchStoryboardName = LaunchScreen;
				INFOPLIST_KEY_UIUserInterfaceStyle = Automatic;
				LD_RUNPATH_SEARCH_PATHS = (
					"$(inherited)",
					"@executable_path/Frameworks",
				);
				MARKETING_VERSION = 1.0;
				PRODUCT_BUNDLE_IDENTIFIER = SampleTest.MovieDatabasetVOS;
				PRODUCT_NAME = "$(TARGET_NAME)";
				SWIFT_EMIT_LOC_STRINGS = YES;
				SWIFT_VERSION = 5.0;
				TARGETED_DEVICE_FAMILY = 3;
			};
			name = Release;
		};
		AB3A7F2827EB519C00E58101 /* Debug */ = {
			isa = XCBuildConfiguration;
			baseConfigurationReference = F1AAAE8D516F2E73D7AD8DB5 /* Pods-MovieDatabasetVOSTests.debug.xcconfig */;
			buildSettings = {
				ALWAYS_EMBED_SWIFT_STANDARD_LIBRARIES = YES;
				BUNDLE_LOADER = "$(TEST_HOST)";
				CODE_SIGN_STYLE = Automatic;
				CURRENT_PROJECT_VERSION = 1;
				DEVELOPMENT_TEAM = Z969BXL62D;
				GENERATE_INFOPLIST_FILE = YES;
				MARKETING_VERSION = 1.0;
				PRODUCT_BUNDLE_IDENTIFIER = SampleTest.MovieDatabasetVOSTests;
				PRODUCT_NAME = "$(TARGET_NAME)";
				SWIFT_EMIT_LOC_STRINGS = NO;
				SWIFT_VERSION = 5.0;
				TARGETED_DEVICE_FAMILY = 3;
				TEST_HOST = "$(BUILT_PRODUCTS_DIR)/MovieDatabasetVOS.app/MovieDatabasetVOS";
				TVOS_DEPLOYMENT_TARGET = 15.4;
			};
			name = Debug;
		};
		AB3A7F2927EB519C00E58101 /* Release */ = {
			isa = XCBuildConfiguration;
			baseConfigurationReference = BC401B7FC1A4F0C06319B164 /* Pods-MovieDatabasetVOSTests.release.xcconfig */;
			buildSettings = {
				ALWAYS_EMBED_SWIFT_STANDARD_LIBRARIES = YES;
				BUNDLE_LOADER = "$(TEST_HOST)";
				CODE_SIGN_STYLE = Automatic;
				CURRENT_PROJECT_VERSION = 1;
				DEVELOPMENT_TEAM = Z969BXL62D;
				GENERATE_INFOPLIST_FILE = YES;
				MARKETING_VERSION = 1.0;
				PRODUCT_BUNDLE_IDENTIFIER = SampleTest.MovieDatabasetVOSTests;
				PRODUCT_NAME = "$(TARGET_NAME)";
				SWIFT_EMIT_LOC_STRINGS = NO;
				SWIFT_VERSION = 5.0;
				TARGETED_DEVICE_FAMILY = 3;
				TEST_HOST = "$(BUILT_PRODUCTS_DIR)/MovieDatabasetVOS.app/MovieDatabasetVOS";
				TVOS_DEPLOYMENT_TARGET = 15.4;
			};
			name = Release;
		};
		AB3A7F2B27EB519C00E58101 /* Debug */ = {
			isa = XCBuildConfiguration;
			baseConfigurationReference = BED7D05D0318D675CB1D0D39 /* Pods-MovieDatabasetVOS-MovieDatabasetVOSUITests.debug.xcconfig */;
			buildSettings = {
				ALWAYS_EMBED_SWIFT_STANDARD_LIBRARIES = YES;
				CODE_SIGN_STYLE = Automatic;
				CURRENT_PROJECT_VERSION = 1;
				DEVELOPMENT_TEAM = Z969BXL62D;
				GENERATE_INFOPLIST_FILE = YES;
				MARKETING_VERSION = 1.0;
				PRODUCT_BUNDLE_IDENTIFIER = SampleTest.MovieDatabasetVOSUITests;
				PRODUCT_NAME = "$(TARGET_NAME)";
				SWIFT_EMIT_LOC_STRINGS = NO;
				SWIFT_VERSION = 5.0;
				TARGETED_DEVICE_FAMILY = 3;
				TEST_TARGET_NAME = MovieDatabasetVOS;
			};
			name = Debug;
		};
		AB3A7F2C27EB519C00E58101 /* Release */ = {
			isa = XCBuildConfiguration;
			baseConfigurationReference = 65469F0ECCA997AC4C5F6380 /* Pods-MovieDatabasetVOS-MovieDatabasetVOSUITests.release.xcconfig */;
			buildSettings = {
				ALWAYS_EMBED_SWIFT_STANDARD_LIBRARIES = YES;
				CODE_SIGN_STYLE = Automatic;
				CURRENT_PROJECT_VERSION = 1;
				DEVELOPMENT_TEAM = Z969BXL62D;
				GENERATE_INFOPLIST_FILE = YES;
				MARKETING_VERSION = 1.0;
				PRODUCT_BUNDLE_IDENTIFIER = SampleTest.MovieDatabasetVOSUITests;
				PRODUCT_NAME = "$(TARGET_NAME)";
				SWIFT_EMIT_LOC_STRINGS = NO;
				SWIFT_VERSION = 5.0;
				TARGETED_DEVICE_FAMILY = 3;
				TEST_TARGET_NAME = MovieDatabasetVOS;
			};
			name = Release;
		};
/* End XCBuildConfiguration section */

/* Begin XCConfigurationList section */
		AB3A7EF827EB519B00E58101 /* Build configuration list for PBXProject "MovieDatabasetVOS" */ = {
			isa = XCConfigurationList;
			buildConfigurations = (
				AB3A7F2227EB519C00E58101 /* Debug */,
				AB3A7F2327EB519C00E58101 /* Release */,
			);
			defaultConfigurationIsVisible = 0;
			defaultConfigurationName = Release;
		};
		AB3A7F2427EB519C00E58101 /* Build configuration list for PBXNativeTarget "MovieDatabasetVOS" */ = {
			isa = XCConfigurationList;
			buildConfigurations = (
				AB3A7F2527EB519C00E58101 /* Debug */,
				AB3A7F2627EB519C00E58101 /* Release */,
			);
			defaultConfigurationIsVisible = 0;
			defaultConfigurationName = Release;
		};
		AB3A7F2727EB519C00E58101 /* Build configuration list for PBXNativeTarget "MovieDatabasetVOSTests" */ = {
			isa = XCConfigurationList;
			buildConfigurations = (
				AB3A7F2827EB519C00E58101 /* Debug */,
				AB3A7F2927EB519C00E58101 /* Release */,
			);
			defaultConfigurationIsVisible = 0;
			defaultConfigurationName = Release;
		};
		AB3A7F2A27EB519C00E58101 /* Build configuration list for PBXNativeTarget "MovieDatabasetVOSUITests" */ = {
			isa = XCConfigurationList;
			buildConfigurations = (
				AB3A7F2B27EB519C00E58101 /* Debug */,
				AB3A7F2C27EB519C00E58101 /* Release */,
			);
			defaultConfigurationIsVisible = 0;
			defaultConfigurationName = Release;
		};
/* End XCConfigurationList section */
	};
	rootObject = AB3A7EF527EB519B00E58101 /* Project object */;
}
